
Microsoft Visual Studio Solution File, Format Version 12.00
# Visual Studio Version 16
VisualStudioVersion = 16.0.30114.105
MinimumVisualStudioVersion = 10.0.40219.1
Project("{FAE04EC0-301F-11D3-BF4B-00C04F79EFBC}") = "Ghost.Web", "Ghost.Web\Ghost.Web.csproj", "{AF34F076-034F-4079-9F22-C64FFC118820}"
EndProject
Project("{FAE04EC0-301F-11D3-BF4B-00C04F79EFBC}") = "Ghost.Dtos", "Ghost.Dtos\Ghost.Dtos.csproj", "{1D785EF1-6C2B-4B6A-8863-967A2105DC94}"
EndProject
Project("{FAE04EC0-301F-11D3-BF4B-00C04F79EFBC}") = "Ghost.Services", "Ghost.Services\Ghost.Services.csproj", "{70E3F4D5-383B-4D5F-BABB-C4AA9FF382FA}"
EndProject
Project("{FAE04EC0-301F-11D3-BF4B-00C04F79EFBC}") = "Ghost.Data", "Ghost.Data\Ghost.Data.csproj", "{BD5FD6F6-B505-4DE1-93D4-52893ACE25A8}"
EndProject
Project("{FAE04EC0-301F-11D3-BF4B-00C04F79EFBC}") = "Ghost.Media", "Ghost.Media\Ghost.Media.csproj", "{A86ED888-BDA8-40D2-99F9-1ADAD021FF87}"
EndProject
Project("{FAE04EC0-301F-11D3-BF4B-00C04F79EFBC}") = "Ghost.Repository", "Ghost.Repository\Ghost.Repository.csproj", "{8A1A91F8-A1F1-452F-8448-233C23A12622}"
EndProject
Global
	GlobalSection(SolutionConfigurationPlatforms) = preSolution
		Debug|Any CPU = Debug|Any CPU
		Release|Any CPU = Release|Any CPU
	EndGlobalSection
	GlobalSection(SolutionProperties) = preSolution
		HideSolutionNode = FALSE
	EndGlobalSection
	GlobalSection(ProjectConfigurationPlatforms) = postSolution
		{AF34F076-034F-4079-9F22-C64FFC118820}.Debug|Any CPU.ActiveCfg = Debug|Any CPU
		{AF34F076-034F-4079-9F22-C64FFC118820}.Debug|Any CPU.Build.0 = Debug|Any CPU
		{AF34F076-034F-4079-9F22-C64FFC118820}.Release|Any CPU.ActiveCfg = Release|Any CPU
		{AF34F076-034F-4079-9F22-C64FFC118820}.Release|Any CPU.Build.0 = Release|Any CPU
		{1D785EF1-6C2B-4B6A-8863-967A2105DC94}.Debug|Any CPU.ActiveCfg = Debug|Any CPU
		{1D785EF1-6C2B-4B6A-8863-967A2105DC94}.Debug|Any CPU.Build.0 = Debug|Any CPU
		{1D785EF1-6C2B-4B6A-8863-967A2105DC94}.Release|Any CPU.ActiveCfg = Release|Any CPU
		{1D785EF1-6C2B-4B6A-8863-967A2105DC94}.Release|Any CPU.Build.0 = Release|Any CPU
		{70E3F4D5-383B-4D5F-BABB-C4AA9FF382FA}.Debug|Any CPU.ActiveCfg = Debug|Any CPU
		{70E3F4D5-383B-4D5F-BABB-C4AA9FF382FA}.Debug|Any CPU.Build.0 = Debug|Any CPU
		{70E3F4D5-383B-4D5F-BABB-C4AA9FF382FA}.Release|Any CPU.ActiveCfg = Release|Any CPU
		{70E3F4D5-383B-4D5F-BABB-C4AA9FF382FA}.Release|Any CPU.Build.0 = Release|Any CPU
		{BD5FD6F6-B505-4DE1-93D4-52893ACE25A8}.Debug|Any CPU.ActiveCfg = Debug|Any CPU
		{BD5FD6F6-B505-4DE1-93D4-52893ACE25A8}.Debug|Any CPU.Build.0 = Debug|Any CPU
		{BD5FD6F6-B505-4DE1-93D4-52893ACE25A8}.Release|Any CPU.ActiveCfg = Release|Any CPU
		{BD5FD6F6-B505-4DE1-93D4-52893ACE25A8}.Release|Any CPU.Build.0 = Release|Any CPU
		{A86ED888-BDA8-40D2-99F9-1ADAD021FF87}.Debug|Any CPU.ActiveCfg = Debug|Any CPU
		{A86ED888-BDA8-40D2-99F9-1ADAD021FF87}.Debug|Any CPU.Build.0 = Debug|Any CPU
		{A86ED888-BDA8-40D2-99F9-1ADAD021FF87}.Release|Any CPU.ActiveCfg = Release|Any CPU
		{A86ED888-BDA8-40D2-99F9-1ADAD021FF87}.Release|Any CPU.Build.0 = Release|Any CPU
		{8A1A91F8-A1F1-452F-8448-233C23A12622}.Debug|Any CPU.ActiveCfg = Debug|Any CPU
		{8A1A91F8-A1F1-452F-8448-233C23A12622}.Debug|Any CPU.Build.0 = Debug|Any CPU
		{8A1A91F8-A1F1-452F-8448-233C23A12622}.Release|Any CPU.ActiveCfg = Release|Any CPU
		{8A1A91F8-A1F1-452F-8448-233C23A12622}.Release|Any CPU.Build.0 = Release|Any CPU
	EndGlobalSection
EndGlobal
